PODS:
  - CodePush (1.17.0):
    - CodePush/Core (= 1.17.0)
    - CodePush/SSZipArchive (= 1.17.0)
    - React
  - CodePush/Core (1.17.0):
    - React
  - CodePush/SSZipArchive (1.17.0):
    - React
  - Crashlytics (3.3.4)
  - Fabric (1.5.5):
    - Fabric/Base (= 1.5.5)
  - Fabric/Base (1.5.5)
  - React (0.41.2):
    - React/Core (= 0.41.2)
  - React/Core (0.41.2):
    - React/cxxreact
    - React/yoga
  - React/cxxreact (0.41.2):
    - React/jschelpers
  - React/jschelpers (0.41.2)
  - React/RCTActionSheet (0.41.2):
    - React/Core
  - React/RCTAnimation (0.41.2):
    - React/Core
  - React/RCTGeolocation (0.41.2):
    - React/Core
  - React/RCTImage (0.41.2):
    - React/Core
    - React/RCTNetwork
  - React/RCTNetwork (0.41.2):
    - React/Core
  - React/RCTSettings (0.41.2):
    - React/Core
  - React/RCTText (0.41.2):
    - React/Core
  - React/RCTVibration (0.41.2):
    - React/Core
  - React/RCTWebSocket (0.41.2):
    - React/Core
  - React/yoga (0.41.2)
  - ReactNativeFabric (0.4.1):
    - Crashlytics
    - Fabric
    - React

DEPENDENCIES:
  - CodePush (from `../node_modules/react-native-code-push`)
  - Crashlytics
  - Fabric
  - React/Core (from `../node_modules/react-native`)
  - React/RCTActionSheet (from `../node_modules/react-native`)
  - React/RCTAnimation (from `../node_modules/react-native`)
  - React/RCTGeolocation (from `../node_modules/react-native`)
  - React/RCTImage (from `../node_modules/react-native`)
  - React/RCTNetwork (from `../node_modules/react-native`)
  - React/RCTSettings (from `../node_modules/react-native`)
  - React/RCTText (from `../node_modules/react-native`)
  - React/RCTVibration (from `../node_modules/react-native`)
  - React/RCTWebSocket (from `../node_modules/react-native`)
  - ReactNativeFabric (from `../node_modules/react-native-fabric`)

EXTERNAL SOURCES:
  CodePush:
    :path: "../node_modules/react-native-code-push"
  React:
    :path: "../node_modules/react-native"
  ReactNativeFabric:
    :path: "../node_modules/react-native-fabric"

SPEC CHECKSUMS:
  CodePush: 5f8ea15683e42ea55732dbb9d62b80db65601f1b
  Crashlytics: 41c082440d2e14da444186fff65e79c0b4b35d4c
  Fabric: 190bf1a6eb65f7500de1347d027d2e59a7e53db1
  React: 2b10c07d947dea71c144a33764e9162ed81e3825
  ReactNativeFabric: b7d9763b3f8fd580ac208b2af84cca725f4922f4

PODFILE CHECKSUM: 223195e1eddf6841ad743b9896d5423d22686e43

COCOAPODS: 1.2.0
